
Microsoft Visual Studio Solution File, Format Version 12.00
# Visual Studio Version 16
VisualStudioVersion = 16.0.30907.101
MinimumVisualStudioVersion = 10.0.40219.1
Project("{FAE04EC0-301F-11D3-BF4B-00C04F79EFBC}") = "Grpc.Server", "Grpc.Server\Grpc.Server.csproj", "{3C242AD4-B247-4770-8824-6141BE330387}"
EndProject
Project("{2150E333-8FDC-42A3-9474-1A3956D46DE8}") = "Src", "Src", "{56838202-0766-4EA2-84C8-147F438D7501}"
EndProject
Global
	GlobalSection(SolutionConfigurationPlatforms) = preSolution
		Debug|Any CPU = Debug|Any CPU
		Release|Any CPU = Release|Any CPU
	EndGlobalSection
	GlobalSection(ProjectConfigurationPlatforms) = postSolution
		{3C242AD4-B247-4770-8824-6141BE330387}.Debug|Any CPU.ActiveCfg = Debug|Any CPU
		{3C242AD4-B247-4770-8824-6141BE330387}.Debug|Any CPU.Build.0 = Debug|Any CPU
		{3C242AD4-B247-4770-8824-6141BE330387}.Release|Any CPU.ActiveCfg = Release|Any CPU
		{3C242AD4-B247-4770-8824-6141BE330387}.Release|Any CPU.Build.0 = Release|Any CPU
	EndGlobalSection
	GlobalSection(SolutionProperties) = preSolution
		HideSolutionNode = FALSE
	EndGlobalSection
	GlobalSection(NestedProjects) = preSolution
		{3C242AD4-B247-4770-8824-6141BE330387} = {56838202-0766-4EA2-84C8-147F438D7501}
	EndGlobalSection
	GlobalSection(ExtensibilityGlobals) = postSolution
		SolutionGuid = {D579B7F1-984C-4466-8129-7A73FC9F9100}
	EndGlobalSection
EndGlobal
